
Microsoft Visual Studio Solution File, Format Version 11.00
# Visual Studio 2010
Project("{FAE04EC0-301F-11D3-BF4B-00C04F79EFBC}") = "TestFunc", "TestFunc\TestFunc.csproj", "{06633537-9587-4EAD-8D9A-F9C13B2845DF}"
EndProject
Global
	GlobalSection(SolutionConfigurationPlatforms) = preSolution
		Debug|x86 = Debug|x86
		Release|x86 = Release|x86
	EndGlobalSection
	GlobalSection(ProjectConfigurationPlatforms) = postSolution
		{06633537-9587-4EAD-8D9A-F9C13B2845DF}.Debug|x86.ActiveCfg = Debug|x86
		{06633537-9587-4EAD-8D9A-F9C13B2845DF}.Debug|x86.Build.0 = Debug|x86
		{06633537-9587-4EAD-8D9A-F9C13B2845DF}.Release|x86.ActiveCfg = Release|x86
		{06633537-9587-4EAD-8D9A-F9C13B2845DF}.Release|x86.Build.0 = Release|x86
	EndGlobalSection
	GlobalSection(SolutionProperties) = preSolution
		HideSolutionNode = FALSE
	EndGlobalSection
EndGlobal
